
Microsoft Visual Studio Solution File, Format Version 12.00
# Visual Studio Version 16
VisualStudioVersion = 16.0.30804.86
MinimumVisualStudioVersion = 10.0.40219.1
Project("{FAE04EC0-301F-11D3-BF4B-00C04F79EFBC}") = "Api", "Api\Api.csproj", "{4CFF0B5C-22AB-40D4-9326-5B4A56B1F941}"
EndProject
Project("{FAE04EC0-301F-11D3-BF4B-00C04F79EFBC}") = "ProHealth", "..\ProHealth\ProHealth.csproj", "{87A30081-C910-4A82-8695-CCCA42AA0A12}"
EndProject
Global
	GlobalSection(SolutionConfigurationPlatforms) = preSolution
		Debug|Any CPU = Debug|Any CPU
		Release|Any CPU = Release|Any CPU
	EndGlobalSection
	GlobalSection(ProjectConfigurationPlatforms) = postSolution
		{4CFF0B5C-22AB-40D4-9326-5B4A56B1F941}.Debug|Any CPU.ActiveCfg = Debug|Any CPU
		{4CFF0B5C-22AB-40D4-9326-5B4A56B1F941}.Debug|Any CPU.Build.0 = Debug|Any CPU
		{4CFF0B5C-22AB-40D4-9326-5B4A56B1F941}.Release|Any CPU.ActiveCfg = Release|Any CPU
		{4CFF0B5C-22AB-40D4-9326-5B4A56B1F941}.Release|Any CPU.Build.0 = Release|Any CPU
		{87A30081-C910-4A82-8695-CCCA42AA0A12}.Debug|Any CPU.ActiveCfg = Debug|Any CPU
		{87A30081-C910-4A82-8695-CCCA42AA0A12}.Debug|Any CPU.Build.0 = Debug|Any CPU
		{87A30081-C910-4A82-8695-CCCA42AA0A12}.Release|Any CPU.ActiveCfg = Release|Any CPU
		{87A30081-C910-4A82-8695-CCCA42AA0A12}.Release|Any CPU.Build.0 = Release|Any CPU
	EndGlobalSection
	GlobalSection(SolutionProperties) = preSolution
		HideSolutionNode = FALSE
	EndGlobalSection
	GlobalSection(ExtensibilityGlobals) = postSolution
		SolutionGuid = {C625FA56-726C-42A5-A17E-97759DA8262A}
	EndGlobalSection
EndGlobal
