
Microsoft Visual Studio Solution File, Format Version 12.00
# Visual Studio Version 16
VisualStudioVersion = 16.0.30804.86
MinimumVisualStudioVersion = 10.0.40219.1
Project("{FAE04EC0-301F-11D3-BF4B-00C04F79EFBC}") = "Model", "Model\Model.csproj", "{50C27EC7-287F-46C9-AAD3-B8921B055D78}"
EndProject
Project("{FAE04EC0-301F-11D3-BF4B-00C04F79EFBC}") = "Server", "..\Server\Server.csproj", "{471997E6-746A-4229-84E4-50841AC2877B}"
EndProject
Project("{FAE04EC0-301F-11D3-BF4B-00C04F79EFBC}") = "Client", "..\Client\Client.csproj", "{CCE13EDA-4D11-4A31-A76E-7E87249377F1}"
EndProject
Global
	GlobalSection(SolutionConfigurationPlatforms) = preSolution
		Debug|Any CPU = Debug|Any CPU
		Release|Any CPU = Release|Any CPU
	EndGlobalSection
	GlobalSection(ProjectConfigurationPlatforms) = postSolution
		{50C27EC7-287F-46C9-AAD3-B8921B055D78}.Debug|Any CPU.ActiveCfg = Debug|Any CPU
		{50C27EC7-287F-46C9-AAD3-B8921B055D78}.Debug|Any CPU.Build.0 = Debug|Any CPU
		{50C27EC7-287F-46C9-AAD3-B8921B055D78}.Release|Any CPU.ActiveCfg = Release|Any CPU
		{50C27EC7-287F-46C9-AAD3-B8921B055D78}.Release|Any CPU.Build.0 = Release|Any CPU
		{471997E6-746A-4229-84E4-50841AC2877B}.Debug|Any CPU.ActiveCfg = Debug|Any CPU
		{471997E6-746A-4229-84E4-50841AC2877B}.Debug|Any CPU.Build.0 = Debug|Any CPU
		{471997E6-746A-4229-84E4-50841AC2877B}.Release|Any CPU.ActiveCfg = Release|Any CPU
		{471997E6-746A-4229-84E4-50841AC2877B}.Release|Any CPU.Build.0 = Release|Any CPU
		{CCE13EDA-4D11-4A31-A76E-7E87249377F1}.Debug|Any CPU.ActiveCfg = Debug|Any CPU
		{CCE13EDA-4D11-4A31-A76E-7E87249377F1}.Debug|Any CPU.Build.0 = Debug|Any CPU
		{CCE13EDA-4D11-4A31-A76E-7E87249377F1}.Release|Any CPU.ActiveCfg = Release|Any CPU
		{CCE13EDA-4D11-4A31-A76E-7E87249377F1}.Release|Any CPU.Build.0 = Release|Any CPU
	EndGlobalSection
	GlobalSection(SolutionProperties) = preSolution
		HideSolutionNode = FALSE
	EndGlobalSection
	GlobalSection(ExtensibilityGlobals) = postSolution
		SolutionGuid = {F6156359-CF5D-4231-A1F3-A5868E5F37B4}
	EndGlobalSection
EndGlobal
