
Microsoft Visual Studio Solution File, Format Version 12.00
# Visual Studio Version 16
VisualStudioVersion = 16.0.30804.86
MinimumVisualStudioVersion = 10.0.40219.1
Project("{2150E333-8FDC-42A3-9474-1A3956D46DE8}") = "Src", "Src", "{9C08F752-63C9-443E-9A18-47E3956B8620}"
EndProject
Project("{2150E333-8FDC-42A3-9474-1A3956D46DE8}") = "Tests", "Tests", "{92DECD26-1A2A-4228-B386-61A787E7A35C}"
EndProject
Project("{2150E333-8FDC-42A3-9474-1A3956D46DE8}") = "01. Utilities", "01. Utilities", "{8361DCB5-89B8-4FED-82B7-0E8FE7010AD1}"
EndProject
Project("{2150E333-8FDC-42A3-9474-1A3956D46DE8}") = "02. Core", "02. Core", "{DBE93234-0EC6-4073-99D7-AE0D668D263B}"
EndProject
Project("{9A19103F-16F7-4668-BE54-9A1E7A4F7556}") = "CoreDomain", "Src\02. Core\CoreDomain\CoreDomain.csproj", "{98B5B8AF-D7DF-4D8E-9C22-72D93774C90D}"
EndProject
Project("{9A19103F-16F7-4668-BE54-9A1E7A4F7556}") = "Utilitie", "Src\01. Utilities\Utilitie\Utilitie.csproj", "{C6F58DE8-4075-43E3-8126-14B31EA58418}"
EndProject
Project("{9A19103F-16F7-4668-BE54-9A1E7A4F7556}") = "CoreDomainToolkits", "Src\02. Core\CoreDomainToolkits\CoreDomainToolkits.csproj", "{713C7216-CD15-4E33-8913-4CEF2EF6E5C3}"
EndProject
Project("{9A19103F-16F7-4668-BE54-9A1E7A4F7556}") = "ApplicationServices", "Src\02. Core\ApplicationServices\ApplicationServices.csproj", "{0C063D0F-370A-49F5-AF70-20302F88113D}"
EndProject
Project("{2150E333-8FDC-42A3-9474-1A3956D46DE8}") = "03. Infra", "03. Infra", "{BC0A180A-BA2F-4EB9-A26D-40FACC682117}"
EndProject
Project("{2150E333-8FDC-42A3-9474-1A3956D46DE8}") = "Data", "Data", "{E7E59708-16D0-4812-B56F-DDD4D19CEE29}"
EndProject
Project("{9A19103F-16F7-4668-BE54-9A1E7A4F7556}") = "DataSql", "Src\03. Infra\Data\DataSql\DataSql.csproj", "{C3354D54-33EE-4F71-9AA4-2AED101EA354}"
EndProject
Project("{9A19103F-16F7-4668-BE54-9A1E7A4F7556}") = "SqlCommands", "Src\03. Infra\Data\SqlCommands\SqlCommands.csproj", "{A5F75BC5-6A4B-4593-9286-A7776DC97A98}"
EndProject
Project("{2150E333-8FDC-42A3-9474-1A3956D46DE8}") = "Events", "Events", "{E5E23943-ED02-4026-9451-144DF6151030}"
EndProject
Project("{9A19103F-16F7-4668-BE54-9A1E7A4F7556}") = "Outbox", "Src\03. Infra\Events\Outbox\Outbox.csproj", "{922107CD-F67A-442F-A555-9C714DE5178E}"
EndProject
Project("{9A19103F-16F7-4668-BE54-9A1E7A4F7556}") = "PoolingPublisher", "Src\03. Infra\Events\PoolingPublisher\PoolingPublisher.csproj", "{27C1AE39-A902-4D33-A662-ADFFCC163397}"
EndProject
Project("{9A19103F-16F7-4668-BE54-9A1E7A4F7556}") = "SqlQueries", "Src\03. Infra\Events\SqlQueries\SqlQueries.csproj", "{BEA2B797-6A00-4134-BD46-A4E57F63E7DD}"
EndProject
Project("{2150E333-8FDC-42A3-9474-1A3956D46DE8}") = "Messaging", "Messaging", "{7EB34E73-72E8-4116-9E04-352CBA106E4C}"
EndProject
Project("{9A19103F-16F7-4668-BE54-9A1E7A4F7556}") = "MessageBusRabbitMq", "Src\03. Infra\Messaging\MessageBusRabbitMq\MessageBusRabbitMq.csproj", "{18BEA666-06AD-471D-91AC-C975175E4957}"
EndProject
Project("{9A19103F-16F7-4668-BE54-9A1E7A4F7556}") = "IdempotentConsumers", "Src\03. Infra\Messaging\IdempotentConsumers\IdempotentConsumers.csproj", "{D46B8155-7D3D-4C46-A1D8-572BD172CDAE}"
EndProject
Project("{9A19103F-16F7-4668-BE54-9A1E7A4F7556}") = "IdempotentConsumersStoreSql", "Src\03. Infra\Messaging\IdempotentConsumersStoreSql\IdempotentConsumersStoreSql.csproj", "{892394C8-DADF-4F80-90A8-87FF0BC8462D}"
EndProject
Project("{2150E333-8FDC-42A3-9474-1A3956D46DE8}") = "Tools", "Tools", "{7DD1335F-F6C5-46BC-8607-070E55522A9C}"
EndProject
Project("{9A19103F-16F7-4668-BE54-9A1E7A4F7556}") = "LocalizationsMicrosoft", "Src\03. Infra\Tools\LocalizationsMicrosoft\LocalizationsMicrosoft.csproj", "{654D9080-A89C-489D-BD20-E4775A4FCD70}"
EndProject
Project("{9A19103F-16F7-4668-BE54-9A1E7A4F7556}") = "CachingMicrosoft", "Src\03. Infra\Tools\CachingMicrosoft\CachingMicrosoft.csproj", "{024EF0C9-6E08-476A-A6FE-075C0E590542}"
EndProject
Project("{9A19103F-16F7-4668-BE54-9A1E7A4F7556}") = "LocalizerParrot", "Src\03. Infra\Tools\LocalizerParrot\LocalizerParrot.csproj", "{20103773-4675-4C30-9897-A1392EEE3677}"
EndProject
Project("{9A19103F-16F7-4668-BE54-9A1E7A4F7556}") = "SrlzrNewtonSoft", "Src\03. Infra\Tools\SrlzrNewtonSoft\SrlzrNewtonSoft.csproj", "{072ED8B1-F789-4554-B86F-0A541CE5CDE7}"
EndProject
Project("{2150E333-8FDC-42A3-9474-1A3956D46DE8}") = "04. EndPoints", "04. EndPoints", "{DA92C986-4279-4C8E-AB3C-82C381D4AF1D}"
EndProject
Project("{9A19103F-16F7-4668-BE54-9A1E7A4F7556}") = "EndPoints.Web", "Src\04. EndPoints\EndPoints.Web\EndPoints.Web.csproj", "{703F14C3-5A7D-4443-B564-0F83DBC9A997}"
EndProject
Project("{2150E333-8FDC-42A3-9474-1A3956D46DE8}") = "Sample", "Sample", "{EB4796EE-0E69-4E41-A84D-177A319CCF52}"
EndProject
Project("{2150E333-8FDC-42A3-9474-1A3956D46DE8}") = "MiniBlog", "MiniBlog", "{A9ECF110-BE25-472E-BC1E-D488063401F1}"
EndProject
Project("{2150E333-8FDC-42A3-9474-1A3956D46DE8}") = "01. Core", "01. Core", "{CE3F0D03-430E-4839-AAE7-3C52553C8B8A}"
EndProject
Project("{9A19103F-16F7-4668-BE54-9A1E7A4F7556}") = "CoreDomainApp", "Sample\MiniBlog\01. Core\CoreDomainApp\CoreDomainApp.csproj", "{13BA3FFE-BF13-45C9-8F4A-D0319631BAD0}"
EndProject
Project("{9A19103F-16F7-4668-BE54-9A1E7A4F7556}") = "ApplicationServicesApp", "Sample\MiniBlog\01. Core\ApplicationServicesApp\ApplicationServicesApp.csproj", "{CE84167E-7FBD-4FAE-9CC1-E38D012DED99}"
EndProject
Project("{2150E333-8FDC-42A3-9474-1A3956D46DE8}") = "02. Infra", "02. Infra", "{D13461C4-CAD9-44C1-A7D8-51056247933C}"
EndProject
Project("{9A19103F-16F7-4668-BE54-9A1E7A4F7556}") = "InfraDataSqlCommandsApp", "Sample\MiniBlog\02. Infra\InfraDataSqlCommandsApp\InfraDataSqlCommandsApp.csproj", "{7E2358F5-4376-4835-A3E7-4499F80A1B82}"
EndProject
Project("{2150E333-8FDC-42A3-9474-1A3956D46DE8}") = "03. EndPoints", "03. EndPoints", "{15B093B8-C9FB-4D36-92FC-270E5A3D29A0}"
EndProject
Project("{9A19103F-16F7-4668-BE54-9A1E7A4F7556}") = "EndPointsApi", "Sample\MiniBlog\03. EndPoints\EndPointsApi\EndPointsApi.csproj", "{D3F550BD-91E2-421A-B2A7-47EA1A38A667}"
EndProject
Project("{9A19103F-16F7-4668-BE54-9A1E7A4F7556}") = "AutoMappers", "Src\03. Infra\Tools\AutoMappers\AutoMappers.csproj", "{FDEF4AB9-500A-42C5-A09D-0978D22798CA}"
EndProject
Global
	GlobalSection(SolutionConfigurationPlatforms) = preSolution
		Debug|Any CPU = Debug|Any CPU
		Release|Any CPU = Release|Any CPU
	EndGlobalSection
	GlobalSection(ProjectConfigurationPlatforms) = postSolution
		{98B5B8AF-D7DF-4D8E-9C22-72D93774C90D}.Debug|Any CPU.ActiveCfg = Debug|Any CPU
		{98B5B8AF-D7DF-4D8E-9C22-72D93774C90D}.Debug|Any CPU.Build.0 = Debug|Any CPU
		{98B5B8AF-D7DF-4D8E-9C22-72D93774C90D}.Release|Any CPU.ActiveCfg = Release|Any CPU
		{98B5B8AF-D7DF-4D8E-9C22-72D93774C90D}.Release|Any CPU.Build.0 = Release|Any CPU
		{C6F58DE8-4075-43E3-8126-14B31EA58418}.Debug|Any CPU.ActiveCfg = Debug|Any CPU
		{C6F58DE8-4075-43E3-8126-14B31EA58418}.Debug|Any CPU.Build.0 = Debug|Any CPU
		{C6F58DE8-4075-43E3-8126-14B31EA58418}.Release|Any CPU.ActiveCfg = Release|Any CPU
		{C6F58DE8-4075-43E3-8126-14B31EA58418}.Release|Any CPU.Build.0 = Release|Any CPU
		{713C7216-CD15-4E33-8913-4CEF2EF6E5C3}.Debug|Any CPU.ActiveCfg = Debug|Any CPU
		{713C7216-CD15-4E33-8913-4CEF2EF6E5C3}.Debug|Any CPU.Build.0 = Debug|Any CPU
		{713C7216-CD15-4E33-8913-4CEF2EF6E5C3}.Release|Any CPU.ActiveCfg = Release|Any CPU
		{713C7216-CD15-4E33-8913-4CEF2EF6E5C3}.Release|Any CPU.Build.0 = Release|Any CPU
		{0C063D0F-370A-49F5-AF70-20302F88113D}.Debug|Any CPU.ActiveCfg = Debug|Any CPU
		{0C063D0F-370A-49F5-AF70-20302F88113D}.Debug|Any CPU.Build.0 = Debug|Any CPU
		{0C063D0F-370A-49F5-AF70-20302F88113D}.Release|Any CPU.ActiveCfg = Release|Any CPU
		{0C063D0F-370A-49F5-AF70-20302F88113D}.Release|Any CPU.Build.0 = Release|Any CPU
		{C3354D54-33EE-4F71-9AA4-2AED101EA354}.Debug|Any CPU.ActiveCfg = Debug|Any CPU
		{C3354D54-33EE-4F71-9AA4-2AED101EA354}.Debug|Any CPU.Build.0 = Debug|Any CPU
		{C3354D54-33EE-4F71-9AA4-2AED101EA354}.Release|Any CPU.ActiveCfg = Release|Any CPU
		{C3354D54-33EE-4F71-9AA4-2AED101EA354}.Release|Any CPU.Build.0 = Release|Any CPU
		{A5F75BC5-6A4B-4593-9286-A7776DC97A98}.Debug|Any CPU.ActiveCfg = Debug|Any CPU
		{A5F75BC5-6A4B-4593-9286-A7776DC97A98}.Debug|Any CPU.Build.0 = Debug|Any CPU
		{A5F75BC5-6A4B-4593-9286-A7776DC97A98}.Release|Any CPU.ActiveCfg = Release|Any CPU
		{A5F75BC5-6A4B-4593-9286-A7776DC97A98}.Release|Any CPU.Build.0 = Release|Any CPU
		{922107CD-F67A-442F-A555-9C714DE5178E}.Debug|Any CPU.ActiveCfg = Debug|Any CPU
		{922107CD-F67A-442F-A555-9C714DE5178E}.Debug|Any CPU.Build.0 = Debug|Any CPU
		{922107CD-F67A-442F-A555-9C714DE5178E}.Release|Any CPU.ActiveCfg = Release|Any CPU
		{922107CD-F67A-442F-A555-9C714DE5178E}.Release|Any CPU.Build.0 = Release|Any CPU
		{27C1AE39-A902-4D33-A662-ADFFCC163397}.Debug|Any CPU.ActiveCfg = Debug|Any CPU
		{27C1AE39-A902-4D33-A662-ADFFCC163397}.Debug|Any CPU.Build.0 = Debug|Any CPU
		{27C1AE39-A902-4D33-A662-ADFFCC163397}.Release|Any CPU.ActiveCfg = Release|Any CPU
		{27C1AE39-A902-4D33-A662-ADFFCC163397}.Release|Any CPU.Build.0 = Release|Any CPU
		{BEA2B797-6A00-4134-BD46-A4E57F63E7DD}.Debug|Any CPU.ActiveCfg = Debug|Any CPU
		{BEA2B797-6A00-4134-BD46-A4E57F63E7DD}.Debug|Any CPU.Build.0 = Debug|Any CPU
		{BEA2B797-6A00-4134-BD46-A4E57F63E7DD}.Release|Any CPU.ActiveCfg = Release|Any CPU
		{BEA2B797-6A00-4134-BD46-A4E57F63E7DD}.Release|Any CPU.Build.0 = Release|Any CPU
		{18BEA666-06AD-471D-91AC-C975175E4957}.Debug|Any CPU.ActiveCfg = Debug|Any CPU
		{18BEA666-06AD-471D-91AC-C975175E4957}.Debug|Any CPU.Build.0 = Debug|Any CPU
		{18BEA666-06AD-471D-91AC-C975175E4957}.Release|Any CPU.ActiveCfg = Release|Any CPU
		{18BEA666-06AD-471D-91AC-C975175E4957}.Release|Any CPU.Build.0 = Release|Any CPU
		{D46B8155-7D3D-4C46-A1D8-572BD172CDAE}.Debug|Any CPU.ActiveCfg = Debug|Any CPU
		{D46B8155-7D3D-4C46-A1D8-572BD172CDAE}.Debug|Any CPU.Build.0 = Debug|Any CPU
		{D46B8155-7D3D-4C46-A1D8-572BD172CDAE}.Release|Any CPU.ActiveCfg = Release|Any CPU
		{D46B8155-7D3D-4C46-A1D8-572BD172CDAE}.Release|Any CPU.Build.0 = Release|Any CPU
		{892394C8-DADF-4F80-90A8-87FF0BC8462D}.Debug|Any CPU.ActiveCfg = Debug|Any CPU
		{892394C8-DADF-4F80-90A8-87FF0BC8462D}.Debug|Any CPU.Build.0 = Debug|Any CPU
		{892394C8-DADF-4F80-90A8-87FF0BC8462D}.Release|Any CPU.ActiveCfg = Release|Any CPU
		{892394C8-DADF-4F80-90A8-87FF0BC8462D}.Release|Any CPU.Build.0 = Release|Any CPU
		{654D9080-A89C-489D-BD20-E4775A4FCD70}.Debug|Any CPU.ActiveCfg = Debug|Any CPU
		{654D9080-A89C-489D-BD20-E4775A4FCD70}.Debug|Any CPU.Build.0 = Debug|Any CPU
		{654D9080-A89C-489D-BD20-E4775A4FCD70}.Release|Any CPU.ActiveCfg = Release|Any CPU
		{654D9080-A89C-489D-BD20-E4775A4FCD70}.Release|Any CPU.Build.0 = Release|Any CPU
		{024EF0C9-6E08-476A-A6FE-075C0E590542}.Debug|Any CPU.ActiveCfg = Debug|Any CPU
		{024EF0C9-6E08-476A-A6FE-075C0E590542}.Debug|Any CPU.Build.0 = Debug|Any CPU
		{024EF0C9-6E08-476A-A6FE-075C0E590542}.Release|Any CPU.ActiveCfg = Release|Any CPU
		{024EF0C9-6E08-476A-A6FE-075C0E590542}.Release|Any CPU.Build.0 = Release|Any CPU
		{20103773-4675-4C30-9897-A1392EEE3677}.Debug|Any CPU.ActiveCfg = Debug|Any CPU
		{20103773-4675-4C30-9897-A1392EEE3677}.Debug|Any CPU.Build.0 = Debug|Any CPU
		{20103773-4675-4C30-9897-A1392EEE3677}.Release|Any CPU.ActiveCfg = Release|Any CPU
		{20103773-4675-4C30-9897-A1392EEE3677}.Release|Any CPU.Build.0 = Release|Any CPU
		{072ED8B1-F789-4554-B86F-0A541CE5CDE7}.Debug|Any CPU.ActiveCfg = Debug|Any CPU
		{072ED8B1-F789-4554-B86F-0A541CE5CDE7}.Debug|Any CPU.Build.0 = Debug|Any CPU
		{072ED8B1-F789-4554-B86F-0A541CE5CDE7}.Release|Any CPU.ActiveCfg = Release|Any CPU
		{072ED8B1-F789-4554-B86F-0A541CE5CDE7}.Release|Any CPU.Build.0 = Release|Any CPU
		{703F14C3-5A7D-4443-B564-0F83DBC9A997}.Debug|Any CPU.ActiveCfg = Debug|Any CPU
		{703F14C3-5A7D-4443-B564-0F83DBC9A997}.Debug|Any CPU.Build.0 = Debug|Any CPU
		{703F14C3-5A7D-4443-B564-0F83DBC9A997}.Release|Any CPU.ActiveCfg = Release|Any CPU
		{703F14C3-5A7D-4443-B564-0F83DBC9A997}.Release|Any CPU.Build.0 = Release|Any CPU
		{13BA3FFE-BF13-45C9-8F4A-D0319631BAD0}.Debug|Any CPU.ActiveCfg = Debug|Any CPU
		{13BA3FFE-BF13-45C9-8F4A-D0319631BAD0}.Debug|Any CPU.Build.0 = Debug|Any CPU
		{13BA3FFE-BF13-45C9-8F4A-D0319631BAD0}.Release|Any CPU.ActiveCfg = Release|Any CPU
		{13BA3FFE-BF13-45C9-8F4A-D0319631BAD0}.Release|Any CPU.Build.0 = Release|Any CPU
		{CE84167E-7FBD-4FAE-9CC1-E38D012DED99}.Debug|Any CPU.ActiveCfg = Debug|Any CPU
		{CE84167E-7FBD-4FAE-9CC1-E38D012DED99}.Debug|Any CPU.Build.0 = Debug|Any CPU
		{CE84167E-7FBD-4FAE-9CC1-E38D012DED99}.Release|Any CPU.ActiveCfg = Release|Any CPU
		{CE84167E-7FBD-4FAE-9CC1-E38D012DED99}.Release|Any CPU.Build.0 = Release|Any CPU
		{7E2358F5-4376-4835-A3E7-4499F80A1B82}.Debug|Any CPU.ActiveCfg = Debug|Any CPU
		{7E2358F5-4376-4835-A3E7-4499F80A1B82}.Debug|Any CPU.Build.0 = Debug|Any CPU
		{7E2358F5-4376-4835-A3E7-4499F80A1B82}.Release|Any CPU.ActiveCfg = Release|Any CPU
		{7E2358F5-4376-4835-A3E7-4499F80A1B82}.Release|Any CPU.Build.0 = Release|Any CPU
		{D3F550BD-91E2-421A-B2A7-47EA1A38A667}.Debug|Any CPU.ActiveCfg = Debug|Any CPU
		{D3F550BD-91E2-421A-B2A7-47EA1A38A667}.Debug|Any CPU.Build.0 = Debug|Any CPU
		{D3F550BD-91E2-421A-B2A7-47EA1A38A667}.Release|Any CPU.ActiveCfg = Release|Any CPU
		{D3F550BD-91E2-421A-B2A7-47EA1A38A667}.Release|Any CPU.Build.0 = Release|Any CPU
		{FDEF4AB9-500A-42C5-A09D-0978D22798CA}.Debug|Any CPU.ActiveCfg = Debug|Any CPU
		{FDEF4AB9-500A-42C5-A09D-0978D22798CA}.Debug|Any CPU.Build.0 = Debug|Any CPU
		{FDEF4AB9-500A-42C5-A09D-0978D22798CA}.Release|Any CPU.ActiveCfg = Release|Any CPU
		{FDEF4AB9-500A-42C5-A09D-0978D22798CA}.Release|Any CPU.Build.0 = Release|Any CPU
	EndGlobalSection
	GlobalSection(SolutionProperties) = preSolution
		HideSolutionNode = FALSE
	EndGlobalSection
	GlobalSection(NestedProjects) = preSolution
		{8361DCB5-89B8-4FED-82B7-0E8FE7010AD1} = {9C08F752-63C9-443E-9A18-47E3956B8620}
		{DBE93234-0EC6-4073-99D7-AE0D668D263B} = {9C08F752-63C9-443E-9A18-47E3956B8620}
		{98B5B8AF-D7DF-4D8E-9C22-72D93774C90D} = {DBE93234-0EC6-4073-99D7-AE0D668D263B}
		{C6F58DE8-4075-43E3-8126-14B31EA58418} = {8361DCB5-89B8-4FED-82B7-0E8FE7010AD1}
		{713C7216-CD15-4E33-8913-4CEF2EF6E5C3} = {DBE93234-0EC6-4073-99D7-AE0D668D263B}
		{0C063D0F-370A-49F5-AF70-20302F88113D} = {DBE93234-0EC6-4073-99D7-AE0D668D263B}
		{BC0A180A-BA2F-4EB9-A26D-40FACC682117} = {9C08F752-63C9-443E-9A18-47E3956B8620}
		{E7E59708-16D0-4812-B56F-DDD4D19CEE29} = {BC0A180A-BA2F-4EB9-A26D-40FACC682117}
		{C3354D54-33EE-4F71-9AA4-2AED101EA354} = {E7E59708-16D0-4812-B56F-DDD4D19CEE29}
		{A5F75BC5-6A4B-4593-9286-A7776DC97A98} = {E7E59708-16D0-4812-B56F-DDD4D19CEE29}
		{E5E23943-ED02-4026-9451-144DF6151030} = {BC0A180A-BA2F-4EB9-A26D-40FACC682117}
		{922107CD-F67A-442F-A555-9C714DE5178E} = {E5E23943-ED02-4026-9451-144DF6151030}
		{27C1AE39-A902-4D33-A662-ADFFCC163397} = {E5E23943-ED02-4026-9451-144DF6151030}
		{BEA2B797-6A00-4134-BD46-A4E57F63E7DD} = {E5E23943-ED02-4026-9451-144DF6151030}
		{7EB34E73-72E8-4116-9E04-352CBA106E4C} = {BC0A180A-BA2F-4EB9-A26D-40FACC682117}
		{18BEA666-06AD-471D-91AC-C975175E4957} = {7EB34E73-72E8-4116-9E04-352CBA106E4C}
		{D46B8155-7D3D-4C46-A1D8-572BD172CDAE} = {7EB34E73-72E8-4116-9E04-352CBA106E4C}
		{892394C8-DADF-4F80-90A8-87FF0BC8462D} = {7EB34E73-72E8-4116-9E04-352CBA106E4C}
		{7DD1335F-F6C5-46BC-8607-070E55522A9C} = {BC0A180A-BA2F-4EB9-A26D-40FACC682117}
		{654D9080-A89C-489D-BD20-E4775A4FCD70} = {7DD1335F-F6C5-46BC-8607-070E55522A9C}
		{024EF0C9-6E08-476A-A6FE-075C0E590542} = {7DD1335F-F6C5-46BC-8607-070E55522A9C}
		{20103773-4675-4C30-9897-A1392EEE3677} = {7DD1335F-F6C5-46BC-8607-070E55522A9C}
		{072ED8B1-F789-4554-B86F-0A541CE5CDE7} = {7DD1335F-F6C5-46BC-8607-070E55522A9C}
		{DA92C986-4279-4C8E-AB3C-82C381D4AF1D} = {9C08F752-63C9-443E-9A18-47E3956B8620}
		{703F14C3-5A7D-4443-B564-0F83DBC9A997} = {DA92C986-4279-4C8E-AB3C-82C381D4AF1D}
		{A9ECF110-BE25-472E-BC1E-D488063401F1} = {EB4796EE-0E69-4E41-A84D-177A319CCF52}
		{CE3F0D03-430E-4839-AAE7-3C52553C8B8A} = {A9ECF110-BE25-472E-BC1E-D488063401F1}
		{13BA3FFE-BF13-45C9-8F4A-D0319631BAD0} = {CE3F0D03-430E-4839-AAE7-3C52553C8B8A}
		{CE84167E-7FBD-4FAE-9CC1-E38D012DED99} = {CE3F0D03-430E-4839-AAE7-3C52553C8B8A}
		{D13461C4-CAD9-44C1-A7D8-51056247933C} = {A9ECF110-BE25-472E-BC1E-D488063401F1}
		{7E2358F5-4376-4835-A3E7-4499F80A1B82} = {D13461C4-CAD9-44C1-A7D8-51056247933C}
		{15B093B8-C9FB-4D36-92FC-270E5A3D29A0} = {A9ECF110-BE25-472E-BC1E-D488063401F1}
		{D3F550BD-91E2-421A-B2A7-47EA1A38A667} = {15B093B8-C9FB-4D36-92FC-270E5A3D29A0}
		{FDEF4AB9-500A-42C5-A09D-0978D22798CA} = {7DD1335F-F6C5-46BC-8607-070E55522A9C}
	EndGlobalSection
	GlobalSection(ExtensibilityGlobals) = postSolution
		SolutionGuid = {DDDABA15-38C7-4946-8D08-36725246BCB4}
	EndGlobalSection
EndGlobal
