
Microsoft Visual Studio Solution File, Format Version 12.00
# Visual Studio Version 16
VisualStudioVersion = 16.0.30804.86
MinimumVisualStudioVersion = 10.0.40219.1
Project("{FAE04EC0-301F-11D3-BF4B-00C04F79EFBC}") = "Domain", "Domain\Domain.csproj", "{40B72187-0B83-4DF6-ABC0-34D99ED2A473}"
EndProject
Project("{FAE04EC0-301F-11D3-BF4B-00C04F79EFBC}") = "Infrastructure", "..\Infrastructure\Infrastructure.csproj", "{2D1A108D-A5CD-4535-B24B-1B9F429C0178}"
EndProject
Project("{FAE04EC0-301F-11D3-BF4B-00C04F79EFBC}") = "Application", "..\Application\Application.csproj", "{C2E94B28-D17E-411F-9DC2-94A66FD31A37}"
EndProject
Project("{FAE04EC0-301F-11D3-BF4B-00C04F79EFBC}") = "Api", "..\Api\Api.csproj", "{22CAD9AB-B6CE-4BF8-8C97-51023FDDF47F}"
EndProject
Global
	GlobalSection(SolutionConfigurationPlatforms) = preSolution
		Debug|Any CPU = Debug|Any CPU
		Release|Any CPU = Release|Any CPU
	EndGlobalSection
	GlobalSection(ProjectConfigurationPlatforms) = postSolution
		{40B72187-0B83-4DF6-ABC0-34D99ED2A473}.Debug|Any CPU.ActiveCfg = Debug|Any CPU
		{40B72187-0B83-4DF6-ABC0-34D99ED2A473}.Debug|Any CPU.Build.0 = Debug|Any CPU
		{40B72187-0B83-4DF6-ABC0-34D99ED2A473}.Release|Any CPU.ActiveCfg = Release|Any CPU
		{40B72187-0B83-4DF6-ABC0-34D99ED2A473}.Release|Any CPU.Build.0 = Release|Any CPU
		{2D1A108D-A5CD-4535-B24B-1B9F429C0178}.Debug|Any CPU.ActiveCfg = Debug|Any CPU
		{2D1A108D-A5CD-4535-B24B-1B9F429C0178}.Debug|Any CPU.Build.0 = Debug|Any CPU
		{2D1A108D-A5CD-4535-B24B-1B9F429C0178}.Release|Any CPU.ActiveCfg = Release|Any CPU
		{2D1A108D-A5CD-4535-B24B-1B9F429C0178}.Release|Any CPU.Build.0 = Release|Any CPU
		{C2E94B28-D17E-411F-9DC2-94A66FD31A37}.Debug|Any CPU.ActiveCfg = Debug|Any CPU
		{C2E94B28-D17E-411F-9DC2-94A66FD31A37}.Debug|Any CPU.Build.0 = Debug|Any CPU
		{C2E94B28-D17E-411F-9DC2-94A66FD31A37}.Release|Any CPU.ActiveCfg = Release|Any CPU
		{C2E94B28-D17E-411F-9DC2-94A66FD31A37}.Release|Any CPU.Build.0 = Release|Any CPU
		{22CAD9AB-B6CE-4BF8-8C97-51023FDDF47F}.Debug|Any CPU.ActiveCfg = Debug|Any CPU
		{22CAD9AB-B6CE-4BF8-8C97-51023FDDF47F}.Debug|Any CPU.Build.0 = Debug|Any CPU
		{22CAD9AB-B6CE-4BF8-8C97-51023FDDF47F}.Release|Any CPU.ActiveCfg = Release|Any CPU
		{22CAD9AB-B6CE-4BF8-8C97-51023FDDF47F}.Release|Any CPU.Build.0 = Release|Any CPU
	EndGlobalSection
	GlobalSection(SolutionProperties) = preSolution
		HideSolutionNode = FALSE
	EndGlobalSection
	GlobalSection(ExtensibilityGlobals) = postSolution
		SolutionGuid = {A4C099E6-9B59-4A3D-9B12-B97564182F1B}
	EndGlobalSection
EndGlobal
