
Microsoft Visual Studio Solution File, Format Version 12.00
# Visual Studio Version 16
VisualStudioVersion = 16.0.30804.86
MinimumVisualStudioVersion = 10.0.40219.1
Project("{2150E333-8FDC-42A3-9474-1A3956D46DE8}") = "src", "src", "{D6370A04-9502-443F-80BD-054A013D799F}"
EndProject
Project("{2150E333-8FDC-42A3-9474-1A3956D46DE8}") = "01. Core", "01. Core", "{26AACBFF-1A1E-4EA2-AEAC-5F744E303B6D}"
EndProject
Project("{FAE04EC0-301F-11D3-BF4B-00C04F79EFBC}") = "CoreDomain", "src\01. Core\CoreDomain\CoreDomain.csproj", "{EA7B85BA-3864-49C2-85FB-5A9EF4244D77}"
EndProject
Project("{2150E333-8FDC-42A3-9474-1A3956D46DE8}") = "Test", "Test", "{E063D161-42DB-4330-B2F0-BD9AC1957618}"
EndProject
Project("{FAE04EC0-301F-11D3-BF4B-00C04F79EFBC}") = "UnitTest", "Test\UnitTest\UnitTest.csproj", "{C9EBDA82-2B88-46F9-AAD0-595B946ACCFA}"
EndProject
Project("{FAE04EC0-301F-11D3-BF4B-00C04F79EFBC}") = "ApplicationServices", "src\01. Core\ApplicationServices\ApplicationServices.csproj", "{A60D728F-76B3-473B-9660-ED1FCE7D7AEB}"
EndProject
Project("{2150E333-8FDC-42A3-9474-1A3956D46DE8}") = "02. Infra", "02. Infra", "{9BD332D5-98D1-4466-A1AD-2D7090A133AA}"
EndProject
Project("{FAE04EC0-301F-11D3-BF4B-00C04F79EFBC}") = "CommandSql", "src\02. Infra\CommandSql\CommandSql.csproj", "{F4C8B79A-47FC-459C-B2B9-AE8C6A83475F}"
EndProject
Project("{FAE04EC0-301F-11D3-BF4B-00C04F79EFBC}") = "IntegrationTests", "Test\IntegrationTests\IntegrationTests.csproj", "{BFAEE10F-BC0A-4118-B5DD-81F0A9FAC3F2}"
EndProject
Project("{2150E333-8FDC-42A3-9474-1A3956D46DE8}") = "03. Endpoints", "03. Endpoints", "{4678B2EA-41B7-4D7B-8742-CDF730B06502}"
EndProject
Project("{FAE04EC0-301F-11D3-BF4B-00C04F79EFBC}") = "Api", "src\03. Endpoints\Api\Api.csproj", "{FE626F06-C71C-4D4F-9867-7AA79CE6876B}"
EndProject
Project("{2150E333-8FDC-42A3-9474-1A3956D46DE8}") = "consumer", "consumer", "{BF43F34C-FB86-44AA-9DF4-D03DC757EA03}"
EndProject
Project("{FAE04EC0-301F-11D3-BF4B-00C04F79EFBC}") = "ConsumerDtoes", "consumer\ConsumerDtoes\ConsumerDtoes.csproj", "{F389EA5A-F158-4DA6-9A36-F9FC11BC8F5A}"
EndProject
Project("{FAE04EC0-301F-11D3-BF4B-00C04F79EFBC}") = "ConsumerConsoleApp", "consumer\ConsumerConsoleApp\ConsumerConsoleApp.csproj", "{D7466788-4540-4DF2-894A-5570F7D81833}"
EndProject
Project("{FAE04EC0-301F-11D3-BF4B-00C04F79EFBC}") = "ConsumerPactTest", "consumer\ConsumerPactTest\ConsumerPactTest.csproj", "{2FB792F0-8AEA-4F11-B709-70650D6DF2BA}"
EndProject
Project("{FAE04EC0-301F-11D3-BF4B-00C04F79EFBC}") = "LoadTests", "Test\LoadTests\LoadTests.csproj", "{8B6F374F-9E44-484D-8009-153754AF8F8F}"
EndProject
Global
	GlobalSection(SolutionConfigurationPlatforms) = preSolution
		Debug|Any CPU = Debug|Any CPU
		Release|Any CPU = Release|Any CPU
	EndGlobalSection
	GlobalSection(ProjectConfigurationPlatforms) = postSolution
		{EA7B85BA-3864-49C2-85FB-5A9EF4244D77}.Debug|Any CPU.ActiveCfg = Debug|Any CPU
		{EA7B85BA-3864-49C2-85FB-5A9EF4244D77}.Debug|Any CPU.Build.0 = Debug|Any CPU
		{EA7B85BA-3864-49C2-85FB-5A9EF4244D77}.Release|Any CPU.ActiveCfg = Release|Any CPU
		{EA7B85BA-3864-49C2-85FB-5A9EF4244D77}.Release|Any CPU.Build.0 = Release|Any CPU
		{C9EBDA82-2B88-46F9-AAD0-595B946ACCFA}.Debug|Any CPU.ActiveCfg = Debug|Any CPU
		{C9EBDA82-2B88-46F9-AAD0-595B946ACCFA}.Debug|Any CPU.Build.0 = Debug|Any CPU
		{C9EBDA82-2B88-46F9-AAD0-595B946ACCFA}.Release|Any CPU.ActiveCfg = Release|Any CPU
		{C9EBDA82-2B88-46F9-AAD0-595B946ACCFA}.Release|Any CPU.Build.0 = Release|Any CPU
		{A60D728F-76B3-473B-9660-ED1FCE7D7AEB}.Debug|Any CPU.ActiveCfg = Debug|Any CPU
		{A60D728F-76B3-473B-9660-ED1FCE7D7AEB}.Debug|Any CPU.Build.0 = Debug|Any CPU
		{A60D728F-76B3-473B-9660-ED1FCE7D7AEB}.Release|Any CPU.ActiveCfg = Release|Any CPU
		{A60D728F-76B3-473B-9660-ED1FCE7D7AEB}.Release|Any CPU.Build.0 = Release|Any CPU
		{F4C8B79A-47FC-459C-B2B9-AE8C6A83475F}.Debug|Any CPU.ActiveCfg = Debug|Any CPU
		{F4C8B79A-47FC-459C-B2B9-AE8C6A83475F}.Debug|Any CPU.Build.0 = Debug|Any CPU
		{F4C8B79A-47FC-459C-B2B9-AE8C6A83475F}.Release|Any CPU.ActiveCfg = Release|Any CPU
		{F4C8B79A-47FC-459C-B2B9-AE8C6A83475F}.Release|Any CPU.Build.0 = Release|Any CPU
		{BFAEE10F-BC0A-4118-B5DD-81F0A9FAC3F2}.Debug|Any CPU.ActiveCfg = Debug|Any CPU
		{BFAEE10F-BC0A-4118-B5DD-81F0A9FAC3F2}.Debug|Any CPU.Build.0 = Debug|Any CPU
		{BFAEE10F-BC0A-4118-B5DD-81F0A9FAC3F2}.Release|Any CPU.ActiveCfg = Release|Any CPU
		{BFAEE10F-BC0A-4118-B5DD-81F0A9FAC3F2}.Release|Any CPU.Build.0 = Release|Any CPU
		{FE626F06-C71C-4D4F-9867-7AA79CE6876B}.Debug|Any CPU.ActiveCfg = Debug|Any CPU
		{FE626F06-C71C-4D4F-9867-7AA79CE6876B}.Debug|Any CPU.Build.0 = Debug|Any CPU
		{FE626F06-C71C-4D4F-9867-7AA79CE6876B}.Release|Any CPU.ActiveCfg = Release|Any CPU
		{FE626F06-C71C-4D4F-9867-7AA79CE6876B}.Release|Any CPU.Build.0 = Release|Any CPU
		{F389EA5A-F158-4DA6-9A36-F9FC11BC8F5A}.Debug|Any CPU.ActiveCfg = Debug|Any CPU
		{F389EA5A-F158-4DA6-9A36-F9FC11BC8F5A}.Debug|Any CPU.Build.0 = Debug|Any CPU
		{F389EA5A-F158-4DA6-9A36-F9FC11BC8F5A}.Release|Any CPU.ActiveCfg = Release|Any CPU
		{F389EA5A-F158-4DA6-9A36-F9FC11BC8F5A}.Release|Any CPU.Build.0 = Release|Any CPU
		{D7466788-4540-4DF2-894A-5570F7D81833}.Debug|Any CPU.ActiveCfg = Debug|Any CPU
		{D7466788-4540-4DF2-894A-5570F7D81833}.Debug|Any CPU.Build.0 = Debug|Any CPU
		{D7466788-4540-4DF2-894A-5570F7D81833}.Release|Any CPU.ActiveCfg = Release|Any CPU
		{D7466788-4540-4DF2-894A-5570F7D81833}.Release|Any CPU.Build.0 = Release|Any CPU
		{2FB792F0-8AEA-4F11-B709-70650D6DF2BA}.Debug|Any CPU.ActiveCfg = Debug|Any CPU
		{2FB792F0-8AEA-4F11-B709-70650D6DF2BA}.Debug|Any CPU.Build.0 = Debug|Any CPU
		{2FB792F0-8AEA-4F11-B709-70650D6DF2BA}.Release|Any CPU.ActiveCfg = Release|Any CPU
		{2FB792F0-8AEA-4F11-B709-70650D6DF2BA}.Release|Any CPU.Build.0 = Release|Any CPU
		{8B6F374F-9E44-484D-8009-153754AF8F8F}.Debug|Any CPU.ActiveCfg = Debug|Any CPU
		{8B6F374F-9E44-484D-8009-153754AF8F8F}.Debug|Any CPU.Build.0 = Debug|Any CPU
		{8B6F374F-9E44-484D-8009-153754AF8F8F}.Release|Any CPU.ActiveCfg = Release|Any CPU
		{8B6F374F-9E44-484D-8009-153754AF8F8F}.Release|Any CPU.Build.0 = Release|Any CPU
	EndGlobalSection
	GlobalSection(SolutionProperties) = preSolution
		HideSolutionNode = FALSE
	EndGlobalSection
	GlobalSection(NestedProjects) = preSolution
		{26AACBFF-1A1E-4EA2-AEAC-5F744E303B6D} = {D6370A04-9502-443F-80BD-054A013D799F}
		{EA7B85BA-3864-49C2-85FB-5A9EF4244D77} = {26AACBFF-1A1E-4EA2-AEAC-5F744E303B6D}
		{C9EBDA82-2B88-46F9-AAD0-595B946ACCFA} = {E063D161-42DB-4330-B2F0-BD9AC1957618}
		{A60D728F-76B3-473B-9660-ED1FCE7D7AEB} = {26AACBFF-1A1E-4EA2-AEAC-5F744E303B6D}
		{9BD332D5-98D1-4466-A1AD-2D7090A133AA} = {D6370A04-9502-443F-80BD-054A013D799F}
		{F4C8B79A-47FC-459C-B2B9-AE8C6A83475F} = {9BD332D5-98D1-4466-A1AD-2D7090A133AA}
		{BFAEE10F-BC0A-4118-B5DD-81F0A9FAC3F2} = {E063D161-42DB-4330-B2F0-BD9AC1957618}
		{4678B2EA-41B7-4D7B-8742-CDF730B06502} = {D6370A04-9502-443F-80BD-054A013D799F}
		{FE626F06-C71C-4D4F-9867-7AA79CE6876B} = {4678B2EA-41B7-4D7B-8742-CDF730B06502}
		{F389EA5A-F158-4DA6-9A36-F9FC11BC8F5A} = {BF43F34C-FB86-44AA-9DF4-D03DC757EA03}
		{D7466788-4540-4DF2-894A-5570F7D81833} = {BF43F34C-FB86-44AA-9DF4-D03DC757EA03}
		{2FB792F0-8AEA-4F11-B709-70650D6DF2BA} = {BF43F34C-FB86-44AA-9DF4-D03DC757EA03}
		{8B6F374F-9E44-484D-8009-153754AF8F8F} = {E063D161-42DB-4330-B2F0-BD9AC1957618}
	EndGlobalSection
	GlobalSection(ExtensibilityGlobals) = postSolution
		SolutionGuid = {92C6F808-A70D-4B80-9EFE-58D5F017A5AF}
	EndGlobalSection
EndGlobal
