
Microsoft Visual Studio Solution File, Format Version 12.00
# Visual Studio Version 16
VisualStudioVersion = 16.0.30804.86
MinimumVisualStudioVersion = 10.0.40219.1
Project("{2150E333-8FDC-42A3-9474-1A3956D46DE8}") = "Worker", "Worker", "{E71934D3-8165-497E-976D-6B5247836C55}"
EndProject
Project("{FAE04EC0-301F-11D3-BF4B-00C04F79EFBC}") = "WorkerPublisher", "WorkerPublisher\WorkerPublisher.csproj", "{1C89F329-63B3-42B5-A146-E1103A7A80EB}"
EndProject
Project("{2150E333-8FDC-42A3-9474-1A3956D46DE8}") = "Shared", "Shared", "{3F52CF0B-71C1-4E3C-B9EB-BBB2EF3D6AAA}"
EndProject
Project("{FAE04EC0-301F-11D3-BF4B-00C04F79EFBC}") = "Core", "..\Core\Core.csproj", "{E83ED9F9-52F1-4250-B61C-891A1DEA569A}"
EndProject
Project("{FAE04EC0-301F-11D3-BF4B-00C04F79EFBC}") = "Tools", "..\Tools\Tools.csproj", "{FBECAAB7-AD1A-47C8-81DE-ECD99C03F145}"
EndProject
Project("{FAE04EC0-301F-11D3-BF4B-00C04F79EFBC}") = "WorkerConsumer", "..\WorkerConsumer\WorkerConsumer.csproj", "{4ABC719E-25FA-40DC-8C15-D4BCFF98E385}"
EndProject
Project("{2150E333-8FDC-42A3-9474-1A3956D46DE8}") = "PubSub", "PubSub", "{018419E4-A7F7-4780-B2E4-92A7A53AAD47}"
EndProject
Project("{FAE04EC0-301F-11D3-BF4B-00C04F79EFBC}") = "Pub", "..\Pub\Pub.csproj", "{BE7C40ED-388E-4317-87D8-EED058AC8694}"
EndProject
Project("{FAE04EC0-301F-11D3-BF4B-00C04F79EFBC}") = "Sub", "..\Sub\Sub.csproj", "{4D858858-ADF8-46F9-87C2-1590409AA2FC}"
EndProject
Project("{2150E333-8FDC-42A3-9474-1A3956D46DE8}") = "RPC", "RPC", "{251C46F1-8FB8-471B-9891-113B1CD7A0CE}"
EndProject
Project("{FAE04EC0-301F-11D3-BF4B-00C04F79EFBC}") = "RpcCalled", "..\RpcCalled\RpcCalled.csproj", "{E3B74D37-23A5-4027-8670-4E58414B71B1}"
EndProject
Project("{FAE04EC0-301F-11D3-BF4B-00C04F79EFBC}") = "RpcCaller", "..\RpcCaller\RpcCaller.csproj", "{BF5A2392-5BF8-43D3-8CCD-CC59C8DC61B4}"
EndProject
Global
	GlobalSection(SolutionConfigurationPlatforms) = preSolution
		Debug|Any CPU = Debug|Any CPU
		Release|Any CPU = Release|Any CPU
	EndGlobalSection
	GlobalSection(ProjectConfigurationPlatforms) = postSolution
		{1C89F329-63B3-42B5-A146-E1103A7A80EB}.Debug|Any CPU.ActiveCfg = Debug|Any CPU
		{1C89F329-63B3-42B5-A146-E1103A7A80EB}.Debug|Any CPU.Build.0 = Debug|Any CPU
		{1C89F329-63B3-42B5-A146-E1103A7A80EB}.Release|Any CPU.ActiveCfg = Release|Any CPU
		{1C89F329-63B3-42B5-A146-E1103A7A80EB}.Release|Any CPU.Build.0 = Release|Any CPU
		{E83ED9F9-52F1-4250-B61C-891A1DEA569A}.Debug|Any CPU.ActiveCfg = Debug|Any CPU
		{E83ED9F9-52F1-4250-B61C-891A1DEA569A}.Debug|Any CPU.Build.0 = Debug|Any CPU
		{E83ED9F9-52F1-4250-B61C-891A1DEA569A}.Release|Any CPU.ActiveCfg = Release|Any CPU
		{E83ED9F9-52F1-4250-B61C-891A1DEA569A}.Release|Any CPU.Build.0 = Release|Any CPU
		{FBECAAB7-AD1A-47C8-81DE-ECD99C03F145}.Debug|Any CPU.ActiveCfg = Debug|Any CPU
		{FBECAAB7-AD1A-47C8-81DE-ECD99C03F145}.Debug|Any CPU.Build.0 = Debug|Any CPU
		{FBECAAB7-AD1A-47C8-81DE-ECD99C03F145}.Release|Any CPU.ActiveCfg = Release|Any CPU
		{FBECAAB7-AD1A-47C8-81DE-ECD99C03F145}.Release|Any CPU.Build.0 = Release|Any CPU
		{4ABC719E-25FA-40DC-8C15-D4BCFF98E385}.Debug|Any CPU.ActiveCfg = Debug|Any CPU
		{4ABC719E-25FA-40DC-8C15-D4BCFF98E385}.Debug|Any CPU.Build.0 = Debug|Any CPU
		{4ABC719E-25FA-40DC-8C15-D4BCFF98E385}.Release|Any CPU.ActiveCfg = Release|Any CPU
		{4ABC719E-25FA-40DC-8C15-D4BCFF98E385}.Release|Any CPU.Build.0 = Release|Any CPU
		{BE7C40ED-388E-4317-87D8-EED058AC8694}.Debug|Any CPU.ActiveCfg = Debug|Any CPU
		{BE7C40ED-388E-4317-87D8-EED058AC8694}.Debug|Any CPU.Build.0 = Debug|Any CPU
		{BE7C40ED-388E-4317-87D8-EED058AC8694}.Release|Any CPU.ActiveCfg = Release|Any CPU
		{BE7C40ED-388E-4317-87D8-EED058AC8694}.Release|Any CPU.Build.0 = Release|Any CPU
		{4D858858-ADF8-46F9-87C2-1590409AA2FC}.Debug|Any CPU.ActiveCfg = Debug|Any CPU
		{4D858858-ADF8-46F9-87C2-1590409AA2FC}.Debug|Any CPU.Build.0 = Debug|Any CPU
		{4D858858-ADF8-46F9-87C2-1590409AA2FC}.Release|Any CPU.ActiveCfg = Release|Any CPU
		{4D858858-ADF8-46F9-87C2-1590409AA2FC}.Release|Any CPU.Build.0 = Release|Any CPU
		{E3B74D37-23A5-4027-8670-4E58414B71B1}.Debug|Any CPU.ActiveCfg = Debug|Any CPU
		{E3B74D37-23A5-4027-8670-4E58414B71B1}.Debug|Any CPU.Build.0 = Debug|Any CPU
		{E3B74D37-23A5-4027-8670-4E58414B71B1}.Release|Any CPU.ActiveCfg = Release|Any CPU
		{E3B74D37-23A5-4027-8670-4E58414B71B1}.Release|Any CPU.Build.0 = Release|Any CPU
		{BF5A2392-5BF8-43D3-8CCD-CC59C8DC61B4}.Debug|Any CPU.ActiveCfg = Debug|Any CPU
		{BF5A2392-5BF8-43D3-8CCD-CC59C8DC61B4}.Debug|Any CPU.Build.0 = Debug|Any CPU
		{BF5A2392-5BF8-43D3-8CCD-CC59C8DC61B4}.Release|Any CPU.ActiveCfg = Release|Any CPU
		{BF5A2392-5BF8-43D3-8CCD-CC59C8DC61B4}.Release|Any CPU.Build.0 = Release|Any CPU
	EndGlobalSection
	GlobalSection(SolutionProperties) = preSolution
		HideSolutionNode = FALSE
	EndGlobalSection
	GlobalSection(NestedProjects) = preSolution
		{1C89F329-63B3-42B5-A146-E1103A7A80EB} = {E71934D3-8165-497E-976D-6B5247836C55}
		{E83ED9F9-52F1-4250-B61C-891A1DEA569A} = {3F52CF0B-71C1-4E3C-B9EB-BBB2EF3D6AAA}
		{FBECAAB7-AD1A-47C8-81DE-ECD99C03F145} = {3F52CF0B-71C1-4E3C-B9EB-BBB2EF3D6AAA}
		{4ABC719E-25FA-40DC-8C15-D4BCFF98E385} = {E71934D3-8165-497E-976D-6B5247836C55}
		{BE7C40ED-388E-4317-87D8-EED058AC8694} = {018419E4-A7F7-4780-B2E4-92A7A53AAD47}
		{4D858858-ADF8-46F9-87C2-1590409AA2FC} = {018419E4-A7F7-4780-B2E4-92A7A53AAD47}
		{E3B74D37-23A5-4027-8670-4E58414B71B1} = {251C46F1-8FB8-471B-9891-113B1CD7A0CE}
		{BF5A2392-5BF8-43D3-8CCD-CC59C8DC61B4} = {251C46F1-8FB8-471B-9891-113B1CD7A0CE}
	EndGlobalSection
	GlobalSection(ExtensibilityGlobals) = postSolution
		SolutionGuid = {33A6B6F0-0158-4485-966F-5E71A250EFA6}
	EndGlobalSection
EndGlobal
