
Microsoft Visual Studio Solution File, Format Version 12.00
# Visual Studio Version 16
VisualStudioVersion = 16.0.30804.86
MinimumVisualStudioVersion = 10.0.40219.1
Project("{2150E333-8FDC-42A3-9474-1A3956D46DE8}") = "00. Framework", "00. Framework", "{5215C092-0308-4F3E-89A3-88E5BD8843B1}"
EndProject
Project("{9A19103F-16F7-4668-BE54-9A1E7A4F7556}") = "Framework", "Framework\Framework.csproj", "{E0AA4479-9753-451F-B0D9-F1880435B653}"
EndProject
Project("{2150E333-8FDC-42A3-9474-1A3956D46DE8}") = "01. CustomerManagement", "01. CustomerManagement", "{AA896A48-16CF-4622-AE20-536D5615B2FE}"
EndProject
Project("{9A19103F-16F7-4668-BE54-9A1E7A4F7556}") = "Domain", "..\Domain\Domain.csproj", "{2E6B3524-3934-4A79-8FA8-589508CCDAA1}"
EndProject
Project("{9A19103F-16F7-4668-BE54-9A1E7A4F7556}") = "ApplicationServices", "ApplicationServices\ApplicationServices.csproj", "{E2A24B69-2DB4-406C-9440-A7479CDB0444}"
EndProject
Project("{2150E333-8FDC-42A3-9474-1A3956D46DE8}") = "03. EndPoints", "03. EndPoints", "{49DAD2D1-7C6E-4CC0-BBED-35E07A678E7B}"
EndProject
Project("{9A19103F-16F7-4668-BE54-9A1E7A4F7556}") = "WebApi", "..\WebApi\WebApi.csproj", "{5CCC26C9-4AB7-46C7-8BD1-83BBB69E0912}"
EndProject
Project("{9A19103F-16F7-4668-BE54-9A1E7A4F7556}") = "EventStoreSqlServer", "..\EventStoreSqlServer\EventStoreSqlServer.csproj", "{C13B84E1-4A2A-4752-AD58-55E906C36601}"
EndProject
Project("{2150E333-8FDC-42A3-9474-1A3956D46DE8}") = "02. Infrastructures", "02. Infrastructures", "{AABAAF6E-7AFC-4EA2-BEA3-5DA8B8569971}"
EndProject
Project("{FAE04EC0-301F-11D3-BF4B-00C04F79EFBC}") = "Commands", "Commands\Commands.csproj", "{3DF7FD47-5DEF-4424-B57C-2A7FE363B4AA}"
EndProject
Project("{FAE04EC0-301F-11D3-BF4B-00C04F79EFBC}") = "EventStore", "..\EventStore\EventStore.csproj", "{0CE2827E-8806-41CA-B555-227073ADF313}"
EndProject
Project("{FAE04EC0-301F-11D3-BF4B-00C04F79EFBC}") = "Send", "..\Send\Send.csproj", "{D3AA7235-1FBB-41AD-93BC-DE8548280F85}"
EndProject
Project("{2150E333-8FDC-42A3-9474-1A3956D46DE8}") = "Receive", "Receive", "{24C588B2-15B3-4E09-B8B5-A32C3798ED64}"
EndProject
Project("{FAE04EC0-301F-11D3-BF4B-00C04F79EFBC}") = "ReceiveMQ", "..\ReceiveMQ\ReceiveMQ.csproj", "{FCDBA47F-3E23-47A2-86B8-DF5A005727B5}"
EndProject
Global
	GlobalSection(SolutionConfigurationPlatforms) = preSolution
		Debug|Any CPU = Debug|Any CPU
		Release|Any CPU = Release|Any CPU
	EndGlobalSection
	GlobalSection(ProjectConfigurationPlatforms) = postSolution
		{E0AA4479-9753-451F-B0D9-F1880435B653}.Debug|Any CPU.ActiveCfg = Debug|Any CPU
		{E0AA4479-9753-451F-B0D9-F1880435B653}.Debug|Any CPU.Build.0 = Debug|Any CPU
		{E0AA4479-9753-451F-B0D9-F1880435B653}.Release|Any CPU.ActiveCfg = Release|Any CPU
		{E0AA4479-9753-451F-B0D9-F1880435B653}.Release|Any CPU.Build.0 = Release|Any CPU
		{2E6B3524-3934-4A79-8FA8-589508CCDAA1}.Debug|Any CPU.ActiveCfg = Debug|Any CPU
		{2E6B3524-3934-4A79-8FA8-589508CCDAA1}.Debug|Any CPU.Build.0 = Debug|Any CPU
		{2E6B3524-3934-4A79-8FA8-589508CCDAA1}.Release|Any CPU.ActiveCfg = Release|Any CPU
		{2E6B3524-3934-4A79-8FA8-589508CCDAA1}.Release|Any CPU.Build.0 = Release|Any CPU
		{E2A24B69-2DB4-406C-9440-A7479CDB0444}.Debug|Any CPU.ActiveCfg = Debug|Any CPU
		{E2A24B69-2DB4-406C-9440-A7479CDB0444}.Debug|Any CPU.Build.0 = Debug|Any CPU
		{E2A24B69-2DB4-406C-9440-A7479CDB0444}.Release|Any CPU.ActiveCfg = Release|Any CPU
		{E2A24B69-2DB4-406C-9440-A7479CDB0444}.Release|Any CPU.Build.0 = Release|Any CPU
		{5CCC26C9-4AB7-46C7-8BD1-83BBB69E0912}.Debug|Any CPU.ActiveCfg = Debug|Any CPU
		{5CCC26C9-4AB7-46C7-8BD1-83BBB69E0912}.Debug|Any CPU.Build.0 = Debug|Any CPU
		{5CCC26C9-4AB7-46C7-8BD1-83BBB69E0912}.Release|Any CPU.ActiveCfg = Release|Any CPU
		{5CCC26C9-4AB7-46C7-8BD1-83BBB69E0912}.Release|Any CPU.Build.0 = Release|Any CPU
		{C13B84E1-4A2A-4752-AD58-55E906C36601}.Debug|Any CPU.ActiveCfg = Debug|Any CPU
		{C13B84E1-4A2A-4752-AD58-55E906C36601}.Debug|Any CPU.Build.0 = Debug|Any CPU
		{C13B84E1-4A2A-4752-AD58-55E906C36601}.Release|Any CPU.ActiveCfg = Release|Any CPU
		{C13B84E1-4A2A-4752-AD58-55E906C36601}.Release|Any CPU.Build.0 = Release|Any CPU
		{3DF7FD47-5DEF-4424-B57C-2A7FE363B4AA}.Debug|Any CPU.ActiveCfg = Debug|Any CPU
		{3DF7FD47-5DEF-4424-B57C-2A7FE363B4AA}.Debug|Any CPU.Build.0 = Debug|Any CPU
		{3DF7FD47-5DEF-4424-B57C-2A7FE363B4AA}.Release|Any CPU.ActiveCfg = Release|Any CPU
		{3DF7FD47-5DEF-4424-B57C-2A7FE363B4AA}.Release|Any CPU.Build.0 = Release|Any CPU
		{0CE2827E-8806-41CA-B555-227073ADF313}.Debug|Any CPU.ActiveCfg = Debug|Any CPU
		{0CE2827E-8806-41CA-B555-227073ADF313}.Debug|Any CPU.Build.0 = Debug|Any CPU
		{0CE2827E-8806-41CA-B555-227073ADF313}.Release|Any CPU.ActiveCfg = Release|Any CPU
		{0CE2827E-8806-41CA-B555-227073ADF313}.Release|Any CPU.Build.0 = Release|Any CPU
		{D3AA7235-1FBB-41AD-93BC-DE8548280F85}.Debug|Any CPU.ActiveCfg = Debug|Any CPU
		{D3AA7235-1FBB-41AD-93BC-DE8548280F85}.Debug|Any CPU.Build.0 = Debug|Any CPU
		{D3AA7235-1FBB-41AD-93BC-DE8548280F85}.Release|Any CPU.ActiveCfg = Release|Any CPU
		{D3AA7235-1FBB-41AD-93BC-DE8548280F85}.Release|Any CPU.Build.0 = Release|Any CPU
		{FCDBA47F-3E23-47A2-86B8-DF5A005727B5}.Debug|Any CPU.ActiveCfg = Debug|Any CPU
		{FCDBA47F-3E23-47A2-86B8-DF5A005727B5}.Debug|Any CPU.Build.0 = Debug|Any CPU
		{FCDBA47F-3E23-47A2-86B8-DF5A005727B5}.Release|Any CPU.ActiveCfg = Release|Any CPU
		{FCDBA47F-3E23-47A2-86B8-DF5A005727B5}.Release|Any CPU.Build.0 = Release|Any CPU
	EndGlobalSection
	GlobalSection(SolutionProperties) = preSolution
		HideSolutionNode = FALSE
	EndGlobalSection
	GlobalSection(NestedProjects) = preSolution
		{E0AA4479-9753-451F-B0D9-F1880435B653} = {5215C092-0308-4F3E-89A3-88E5BD8843B1}
		{2E6B3524-3934-4A79-8FA8-589508CCDAA1} = {AA896A48-16CF-4622-AE20-536D5615B2FE}
		{E2A24B69-2DB4-406C-9440-A7479CDB0444} = {AA896A48-16CF-4622-AE20-536D5615B2FE}
		{5CCC26C9-4AB7-46C7-8BD1-83BBB69E0912} = {49DAD2D1-7C6E-4CC0-BBED-35E07A678E7B}
		{C13B84E1-4A2A-4752-AD58-55E906C36601} = {5215C092-0308-4F3E-89A3-88E5BD8843B1}
		{3DF7FD47-5DEF-4424-B57C-2A7FE363B4AA} = {AABAAF6E-7AFC-4EA2-BEA3-5DA8B8569971}
		{0CE2827E-8806-41CA-B555-227073ADF313} = {5215C092-0308-4F3E-89A3-88E5BD8843B1}
		{D3AA7235-1FBB-41AD-93BC-DE8548280F85} = {AABAAF6E-7AFC-4EA2-BEA3-5DA8B8569971}
		{FCDBA47F-3E23-47A2-86B8-DF5A005727B5} = {24C588B2-15B3-4E09-B8B5-A32C3798ED64}
	EndGlobalSection
	GlobalSection(ExtensibilityGlobals) = postSolution
		SolutionGuid = {CD54A7AE-46F8-4195-A26F-DD29483DEF39}
	EndGlobalSection
EndGlobal
